
Microsoft Visual Studio Solution File, Format Version 11.00
# Visual Studio 2010
Project("{8BC9CEB8-8B4A-11D0-8D11-00A0C91BC942}") = "WinhttpRequest", "WinhttpRequest\WinhttpRequest.vcxproj", "{8CF3DE3A-D56D-4700-B30C-D6D20AF58536}"
EndProject
Global
	GlobalSection(SolutionConfigurationPlatforms) = preSolution
		Debug|Win32 = Debug|Win32
		Release|Win32 = Release|Win32
	EndGlobalSection
	GlobalSection(ProjectConfigurationPlatforms) = postSolution
		{8CF3DE3A-D56D-4700-B30C-D6D20AF58536}.Debug|Win32.ActiveCfg = Debug|Win32
		{8CF3DE3A-D56D-4700-B30C-D6D20AF58536}.Debug|Win32.Build.0 = Debug|Win32
		{8CF3DE3A-D56D-4700-B30C-D6D20AF58536}.Release|Win32.ActiveCfg = Release|Win32
		{8CF3DE3A-D56D-4700-B30C-D6D20AF58536}.Release|Win32.Build.0 = Release|Win32
	EndGlobalSection
	GlobalSection(SolutionProperties) = preSolution
		HideSolutionNode = FALSE
	EndGlobalSection
EndGlobal
